
Microsoft Visual Studio Solution File, Format Version 12.00
# Visual Studio 15
Project("{FAE04EC0-301F-11D3-BF4B-00C04F79EFBC}") = "Assembly-CSharp", "Assembly-CSharp.csproj", "{0BD1DE01-60F4-BB30-FE1F-C51673112783}"
EndProject
Global
	GlobalSection(SolutionConfigurationPlatforms) = preSolution
		Debug|Any CPU = Debug|Any CPU
		Release|Any CPU = Release|Any CPU
	EndGlobalSection
	GlobalSection(ProjectConfigurationPlatforms) = postSolution
		{0BD1DE01-60F4-BB30-FE1F-C51673112783}.Debug|Any CPU.ActiveCfg = Debug|Any CPU
		{0BD1DE01-60F4-BB30-FE1F-C51673112783}.Debug|Any CPU.Build.0 = Debug|Any CPU
		{0BD1DE01-60F4-BB30-FE1F-C51673112783}.Release|Any CPU.ActiveCfg = Release|Any CPU
		{0BD1DE01-60F4-BB30-FE1F-C51673112783}.Release|Any CPU.Build.0 = Release|Any CPU
	EndGlobalSection
	GlobalSection(SolutionProperties) = preSolution
		HideSolutionNode = FALSE
	EndGlobalSection
EndGlobal
